// !$*UTF8*$!
{
	archiveVersion = 1;
	classes = {
	};
	objectVersion = 46;
	objects = {

/* Begin PBXBuildFile section */
		1F503EAEBD8E60FDD75C173A /* libPods-WeatherApp.a in Frameworks */ = {isa = PBXBuildFile; fileRef = 1BC44198A9C265771DE77C6B /* libPods-WeatherApp.a */; };
		AAF233039C619DB29B6E2BC4 /* libPods-WeatherAppTests.a in Frameworks */ = {isa = PBXBuildFile; fileRef = FE2ACC7F31790FA6423D65D6 /* libPods-WeatherAppTests.a */; };
		E199D8061D916B84008F0BAB /* weatherResponse.json in Resources */ = {isa = PBXBuildFile; fileRef = E199D8051D916B84008F0BAB /* weatherResponse.json */; };
		E1C11B3F1D7D4DB5001E9EDB /* CityWeatherTableViewController.m in Sources */ = {isa = PBXBuildFile; fileRef = E1C11B3E1D7D4DB5001E9EDB /* CityWeatherTableViewController.m */; };
		E1D202D11D78118D00EF0C80 /* main.m in Sources */ = {isa = PBXBuildFile; fileRef = E1D202D01D78118D00EF0C80 /* main.m */; };
		E1D202D41D78118D00EF0C80 /* AppDelegate.m in Sources */ = {isa = PBXBuildFile; fileRef = E1D202D31D78118D00EF0C80 /* AppDelegate.m */; };
		E1D202DA1D78118D00EF0C80 /* Main.storyboard in Resources */ = {isa = PBXBuildFile; fileRef = E1D202D81D78118D00EF0C80 /* Main.storyboard */; };
		E1D202DD1D78118D00EF0C80 /* WeatherApp.xcdatamodeld in Sources */ = {isa = PBXBuildFile; fileRef = E1D202DB1D78118D00EF0C80 /* WeatherApp.xcdatamodeld */; };
		E1D202DF1D78118D00EF0C80 /* Assets.xcassets in Resources */ = {isa = PBXBuildFile; fileRef = E1D202DE1D78118D00EF0C80 /* Assets.xcassets */; };
		E1D202E21D78118D00EF0C80 /* LaunchScreen.storyboard in Resources */ = {isa = PBXBuildFile; fileRef = E1D202E01D78118D00EF0C80 /* LaunchScreen.storyboard */; };
		E1D202ED1D78118D00EF0C80 /* CityWeatherTableViewControllerTests.m in Sources */ = {isa = PBXBuildFile; fileRef = E1D202EC1D78118D00EF0C80 /* CityWeatherTableViewControllerTests.m */; };
		E1D202F91D78285D00EF0C80 /* CityNamesViewControllerTableViewController.m in Sources */ = {isa = PBXBuildFile; fileRef = E1D202F81D78285D00EF0C80 /* CityNamesViewControllerTableViewController.m */; };
/* End PBXBuildFile section */

/* Begin PBXContainerItemProxy section */
		E1D202E91D78118D00EF0C80 /* PBXContainerItemProxy */ = {
			isa = PBXContainerItemProxy;
			containerPortal = E1D202C41D78118D00EF0C80 /* Project object */;
			proxyType = 1;
			remoteGlobalIDString = E1D202CB1D78118D00EF0C80;
			remoteInfo = WeatherApp;
		};
/* End PBXContainerItemProxy section */

/* Begin PBXFileReference section */
		121220F1FFADCFC4156833B8 /* Pods-WeatherAppTests.debug.xcconfig */ = {isa = PBXFileReference; includeInIndex = 1; lastKnownFileType = text.xcconfig; name = "Pods-WeatherAppTests.debug.xcconfig"; path = "Pods/Target Support Files/Pods-WeatherAppTests/Pods-WeatherAppTests.debug.xcconfig"; sourceTree = "<group>"; };
		1BC44198A9C265771DE77C6B /* libPods-WeatherApp.a */ = {isa = PBXFileReference; explicitFileType = archive.ar; includeInIndex = 0; path = "libPods-WeatherApp.a"; sourceTree = BUILT_PRODUCTS_DIR; };
		CFD24E64CE03C1D02599997E /* Pods-WeatherApp.debug.xcconfig */ = {isa = PBXFileReference; includeInIndex = 1; lastKnownFileType = text.xcconfig; name = "Pods-WeatherApp.debug.xcconfig"; path = "Pods/Target Support Files/Pods-WeatherApp/Pods-WeatherApp.debug.xcconfig"; sourceTree = "<group>"; };
		E1604AAE1D7EE72900745837 /* MobileCoreServices.framework */ = {isa = PBXFileReference; lastKnownFileType = wrapper.framework; name = MobileCoreServices.framework; path = System/Library/Frameworks/MobileCoreServices.framework; sourceTree = SDKROOT; };
		E1604AB01D7EE73200745837 /* SystemConfiguration.framework */ = {isa = PBXFileReference; lastKnownFileType = wrapper.framework; name = SystemConfiguration.framework; path = System/Library/Frameworks/SystemConfiguration.framework; sourceTree = SDKROOT; };
		E1604AF91D7FE94400745837 /* CFNetwork.framework */ = {isa = PBXFileReference; lastKnownFileType = wrapper.framework; name = CFNetwork.framework; path = System/Library/Frameworks/CFNetwork.framework; sourceTree = SDKROOT; };
		E1604AFD1D7FE9C300745837 /* libz.1.2.5.tbd */ = {isa = PBXFileReference; lastKnownFileType = "sourcecode.text-based-dylib-definition"; name = libz.1.2.5.tbd; path = usr/lib/libz.1.2.5.tbd; sourceTree = SDKROOT; };
		E199D8051D916B84008F0BAB /* weatherResponse.json */ = {isa = PBXFileReference; fileEncoding = 4; lastKnownFileType = text.json; path = weatherResponse.json; sourceTree = "<group>"; };
		E1B7BE381D9160C3002BB525 /* CityWeatherTableViewController_TestingPrivates.h */ = {isa = PBXFileReference; fileEncoding = 4; lastKnownFileType = sourcecode.c.h; path = CityWeatherTableViewController_TestingPrivates.h; sourceTree = "<group>"; };
		E1C11B3D1D7D4DB5001E9EDB /* CityWeatherTableViewController.h */ = {isa = PBXFileReference; fileEncoding = 4; lastKnownFileType = sourcecode.c.h; path = CityWeatherTableViewController.h; sourceTree = "<group>"; };
		E1C11B3E1D7D4DB5001E9EDB /* CityWeatherTableViewController.m */ = {isa = PBXFileReference; fileEncoding = 4; lastKnownFileType = sourcecode.c.objc; path = CityWeatherTableViewController.m; sourceTree = "<group>"; };
		E1D202CC1D78118D00EF0C80 /* WeatherApp.app */ = {isa = PBXFileReference; explicitFileType = wrapper.application; includeInIndex = 0; path = WeatherApp.app; sourceTree = BUILT_PRODUCTS_DIR; };
		E1D202D01D78118D00EF0C80 /* main.m */ = {isa = PBXFileReference; lastKnownFileType = sourcecode.c.objc; path = main.m; sourceTree = "<group>"; };
		E1D202D21D78118D00EF0C80 /* AppDelegate.h */ = {isa = PBXFileReference; lastKnownFileType = sourcecode.c.h; path = AppDelegate.h; sourceTree = "<group>"; };
		E1D202D31D78118D00EF0C80 /* AppDelegate.m */ = {isa = PBXFileReference; lastKnownFileType = sourcecode.c.objc; path = AppDelegate.m; sourceTree = "<group>"; };
		E1D202D91D78118D00EF0C80 /* Base */ = {isa = PBXFileReference; lastKnownFileType = file.storyboard; name = Base; path = Base.lproj/Main.storyboard; sourceTree = "<group>"; };
		E1D202DC1D78118D00EF0C80 /* WeatherApp.xcdatamodel */ = {isa = PBXFileReference; lastKnownFileType = wrapper.xcdatamodel; path = WeatherApp.xcdatamodel; sourceTree = "<group>"; };
		E1D202DE1D78118D00EF0C80 /* Assets.xcassets */ = {isa = PBXFileReference; lastKnownFileType = folder.assetcatalog; path = Assets.xcassets; sourceTree = "<group>"; };
		E1D202E11D78118D00EF0C80 /* Base */ = {isa = PBXFileReference; lastKnownFileType = file.storyboard; name = Base; path = Base.lproj/LaunchScreen.storyboard; sourceTree = "<group>"; };
		E1D202E31D78118D00EF0C80 /* Info.plist */ = {isa = PBXFileReference; lastKnownFileType = text.plist.xml; path = Info.plist; sourceTree = "<group>"; };
		E1D202E81D78118D00EF0C80 /* WeatherAppTests.xctest */ = {isa = PBXFileReference; explicitFileType = wrapper.cfbundle; includeInIndex = 0; path = WeatherAppTests.xctest; sourceTree = BUILT_PRODUCTS_DIR; };
		E1D202EC1D78118D00EF0C80 /* CityWeatherTableViewControllerTests.m */ = {isa = PBXFileReference; lastKnownFileType = sourcecode.c.objc; path = CityWeatherTableViewControllerTests.m; sourceTree = "<group>"; };
		E1D202EE1D78118D00EF0C80 /* Info.plist */ = {isa = PBXFileReference; lastKnownFileType = text.plist.xml; path = Info.plist; sourceTree = "<group>"; };
		E1D202F71D78285D00EF0C80 /* CityNamesViewControllerTableViewController.h */ = {isa = PBXFileReference; fileEncoding = 4; lastKnownFileType = sourcecode.c.h; path = CityNamesViewControllerTableViewController.h; sourceTree = "<group>"; };
		E1D202F81D78285D00EF0C80 /* CityNamesViewControllerTableViewController.m */ = {isa = PBXFileReference; fileEncoding = 4; lastKnownFileType = sourcecode.c.objc; path = CityNamesViewControllerTableViewController.m; sourceTree = "<group>"; };
		E2104961A8F9C8A556309208 /* Pods-WeatherAppTests.release.xcconfig */ = {isa = PBXFileReference; includeInIndex = 1; lastKnownFileType = text.xcconfig; name = "Pods-WeatherAppTests.release.xcconfig"; path = "Pods/Target Support Files/Pods-WeatherAppTests/Pods-WeatherAppTests.release.xcconfig"; sourceTree = "<group>"; };
		F6DB7A574ABA9FCBE630A9C0 /* Pods-WeatherApp.release.xcconfig */ = {isa = PBXFileReference; includeInIndex = 1; lastKnownFileType = text.xcconfig; name = "Pods-WeatherApp.release.xcconfig"; path = "Pods/Target Support Files/Pods-WeatherApp/Pods-WeatherApp.release.xcconfig"; sourceTree = "<group>"; };
		FE2ACC7F31790FA6423D65D6 /* libPods-WeatherAppTests.a */ = {isa = PBXFileReference; explicitFileType = archive.ar; includeInIndex = 0; path = "libPods-WeatherAppTests.a"; sourceTree = BUILT_PRODUCTS_DIR; };
/* End PBXFileReference section */

/* Begin PBXFrameworksBuildPhase section */
		E1D202C91D78118D00EF0C80 /* Frameworks */ = {
			isa = PBXFrameworksBuildPhase;
			buildActionMask = 2147483647;
			files = (
				1F503EAEBD8E60FDD75C173A /* libPods-WeatherApp.a in Frameworks */,
			);
			runOnlyForDeploymentPostprocessing = 0;
		};
		E1D202E51D78118D00EF0C80 /* Frameworks */ = {
			isa = PBXFrameworksBuildPhase;
			buildActionMask = 2147483647;
			files = (
				AAF233039C619DB29B6E2BC4 /* libPods-WeatherAppTests.a in Frameworks */,
			);
			runOnlyForDeploymentPostprocessing = 0;
		};
/* End PBXFrameworksBuildPhase section */

/* Begin PBXGroup section */
		0EA16E56D1581C676CE461D3 /* Frameworks */ = {
			isa = PBXGroup;
			children = (
				E1604AFD1D7FE9C300745837 /* libz.1.2.5.tbd */,
				E1604AF91D7FE94400745837 /* CFNetwork.framework */,
				E1604AB01D7EE73200745837 /* SystemConfiguration.framework */,
				E1604AAE1D7EE72900745837 /* MobileCoreServices.framework */,
				1BC44198A9C265771DE77C6B /* libPods-WeatherApp.a */,
				FE2ACC7F31790FA6423D65D6 /* libPods-WeatherAppTests.a */,
			);
			name = Frameworks;
			sourceTree = "<group>";
		};
		8D5C2FAE83F2EEC86AAD0B15 /* Pods */ = {
			isa = PBXGroup;
			children = (
				CFD24E64CE03C1D02599997E /* Pods-WeatherApp.debug.xcconfig */,
				F6DB7A574ABA9FCBE630A9C0 /* Pods-WeatherApp.release.xcconfig */,
				121220F1FFADCFC4156833B8 /* Pods-WeatherAppTests.debug.xcconfig */,
				E2104961A8F9C8A556309208 /* Pods-WeatherAppTests.release.xcconfig */,
			);
			name = Pods;
			sourceTree = "<group>";
		};
		E1604AFF1D80068000745837 /* Libaries */ = {
			isa = PBXGroup;
			children = (
			);
			name = Libaries;
			sourceTree = "<group>";
		};
		E1D202C31D78118D00EF0C80 = {
			isa = PBXGroup;
			children = (
				E1D202CE1D78118D00EF0C80 /* WeatherApp */,
				E1D202EB1D78118D00EF0C80 /* WeatherAppTests */,
				E1D202CD1D78118D00EF0C80 /* Products */,
				0EA16E56D1581C676CE461D3 /* Frameworks */,
				8D5C2FAE83F2EEC86AAD0B15 /* Pods */,
			);
			sourceTree = "<group>";
		};
		E1D202CD1D78118D00EF0C80 /* Products */ = {
			isa = PBXGroup;
			children = (
				E1D202CC1D78118D00EF0C80 /* WeatherApp.app */,
				E1D202E81D78118D00EF0C80 /* WeatherAppTests.xctest */,
			);
			name = Products;
			sourceTree = "<group>";
		};
		E1D202CE1D78118D00EF0C80 /* WeatherApp */ = {
			isa = PBXGroup;
			children = (
				E1604AFF1D80068000745837 /* Libaries */,
				E1D202D21D78118D00EF0C80 /* AppDelegate.h */,
				E1D202D31D78118D00EF0C80 /* AppDelegate.m */,
				E1D202D81D78118D00EF0C80 /* Main.storyboard */,
				E1D202DE1D78118D00EF0C80 /* Assets.xcassets */,
				E1D202E01D78118D00EF0C80 /* LaunchScreen.storyboard */,
				E1D202E31D78118D00EF0C80 /* Info.plist */,
				E1D202DB1D78118D00EF0C80 /* WeatherApp.xcdatamodeld */,
				E1D202CF1D78118D00EF0C80 /* Supporting Files */,
				E1D202F71D78285D00EF0C80 /* CityNamesViewControllerTableViewController.h */,
				E1D202F81D78285D00EF0C80 /* CityNamesViewControllerTableViewController.m */,
				E1C11B3D1D7D4DB5001E9EDB /* CityWeatherTableViewController.h */,
				E1C11B3E1D7D4DB5001E9EDB /* CityWeatherTableViewController.m */,
			);
			path = WeatherApp;
			sourceTree = "<group>";
		};
		E1D202CF1D78118D00EF0C80 /* Supporting Files */ = {
			isa = PBXGroup;
			children = (
				E1D202D01D78118D00EF0C80 /* main.m */,
			);
			name = "Supporting Files";
			sourceTree = "<group>";
		};
		E1D202EB1D78118D00EF0C80 /* WeatherAppTests */ = {
			isa = PBXGroup;
			children = (
				E1D202EC1D78118D00EF0C80 /* CityWeatherTableViewControllerTests.m */,
				E1D202EE1D78118D00EF0C80 /* Info.plist */,
				E1B7BE381D9160C3002BB525 /* CityWeatherTableViewController_TestingPrivates.h */,
				E199D8051D916B84008F0BAB /* weatherResponse.json */,
			);
			path = WeatherAppTests;
			sourceTree = "<group>";
		};
/* End PBXGroup section */

/* Begin PBXNativeTarget section */
		E1D202CB1D78118D00EF0C80 /* WeatherApp */ = {
			isa = PBXNativeTarget;
			buildConfigurationList = E1D202F11D78118D00EF0C80 /* Build configuration list for PBXNativeTarget "WeatherApp" */;
			buildPhases = (
				57EC77966D5B86A9ED5404CE /* 📦 Check Pods Manifest.lock */,
				E1D202C81D78118D00EF0C80 /* Sources */,
				E1D202C91D78118D00EF0C80 /* Frameworks */,
				E1D202CA1D78118D00EF0C80 /* Resources */,
				6EC6DBE4A1DE61C0B5D7FB88 /* 📦 Embed Pods Frameworks */,
				6856CE7CBC95FE97B4F44AE7 /* 📦 Copy Pods Resources */,
			);
			buildRules = (
			);
			dependencies = (
			);
			name = WeatherApp;
			productName = WeatherApp;
			productReference = E1D202CC1D78118D00EF0C80 /* WeatherApp.app */;
			productType = "com.apple.product-type.application";
		};
		E1D202E71D78118D00EF0C80 /* WeatherAppTests */ = {
			isa = PBXNativeTarget;
			buildConfigurationList = E1D202F41D78118D00EF0C80 /* Build configuration list for PBXNativeTarget "WeatherAppTests" */;
			buildPhases = (
				8C78B5C7FB5BF7D2262941A7 /* 📦 Check Pods Manifest.lock */,
				E1D202E41D78118D00EF0C80 /* Sources */,
				E1D202E51D78118D00EF0C80 /* Frameworks */,
				E1D202E61D78118D00EF0C80 /* Resources */,
				2295D26E08A7EA9CF1CEED6D /* 📦 Embed Pods Frameworks */,
				7CD1B75E42F6B3A3F959D4B9 /* 📦 Copy Pods Resources */,
			);
			buildRules = (
			);
			dependencies = (
				E1D202EA1D78118D00EF0C80 /* PBXTargetDependency */,
			);
			name = WeatherAppTests;
			productName = WeatherAppTests;
			productReference = E1D202E81D78118D00EF0C80 /* WeatherAppTests.xctest */;
			productType = "com.apple.product-type.bundle.unit-test";
		};
/* End PBXNativeTarget section */

/* Begin PBXProject section */
		E1D202C41D78118D00EF0C80 /* Project object */ = {
			isa = PBXProject;
			attributes = {
				LastUpgradeCheck = 0730;
				ORGANIZATIONNAME = com.glucode.corp;
				TargetAttributes = {
					E1D202CB1D78118D00EF0C80 = {
						CreatedOnToolsVersion = 7.3.1;
					};
					E1D202E71D78118D00EF0C80 = {
						CreatedOnToolsVersion = 7.3.1;
						TestTargetID = E1D202CB1D78118D00EF0C80;
					};
				};
			};
			buildConfigurationList = E1D202C71D78118D00EF0C80 /* Build configuration list for PBXProject "WeatherApp" */;
			compatibilityVersion = "Xcode 3.2";
			developmentRegion = English;
			hasScannedForEncodings = 0;
			knownRegions = (
				en,
				Base,
			);
			mainGroup = E1D202C31D78118D00EF0C80;
			productRefGroup = E1D202CD1D78118D00EF0C80 /* Products */;
			projectDirPath = "";
			projectRoot = "";
			targets = (
				E1D202CB1D78118D00EF0C80 /* WeatherApp */,
				E1D202E71D78118D00EF0C80 /* WeatherAppTests */,
			);
		};
/* End PBXProject section */

/* Begin PBXResourcesBuildPhase section */
		E1D202CA1D78118D00EF0C80 /* Resources */ = {
			isa = PBXResourcesBuildPhase;
			buildActionMask = 2147483647;
			files = (
				E1D202E21D78118D00EF0C80 /* LaunchScreen.storyboard in Resources */,
				E1D202DF1D78118D00EF0C80 /* Assets.xcassets in Resources */,
				E1D202DA1D78118D00EF0C80 /* Main.storyboard in Resources */,
			);
			runOnlyForDeploymentPostprocessing = 0;
		};
		E1D202E61D78118D00EF0C80 /* Resources */ = {
			isa = PBXResourcesBuildPhase;
			buildActionMask = 2147483647;
			files = (
				E199D8061D916B84008F0BAB /* weatherResponse.json in Resources */,
			);
			runOnlyForDeploymentPostprocessing = 0;
		};
/* End PBXResourcesBuildPhase section */

/* Begin PBXShellScriptBuildPhase section */
		2295D26E08A7EA9CF1CEED6D /* 📦 Embed Pods Frameworks */ = {
			isa = PBXShellScriptBuildPhase;
			buildActionMask = 2147483647;
			files = (
			);
			inputPaths = (
			);
			name = "📦 Embed Pods Frameworks";
			outputPaths = (
			);
			runOnlyForDeploymentPostprocessing = 0;
			shellPath = /bin/sh;
			shellScript = "\"${SRCROOT}/Pods/Target Support Files/Pods-WeatherAppTests/Pods-WeatherAppTests-frameworks.sh\"\n";
			showEnvVarsInLog = 0;
		};
		57EC77966D5B86A9ED5404CE /* 📦 Check Pods Manifest.lock */ = {
			isa = PBXShellScriptBuildPhase;
			buildActionMask = 2147483647;
			files = (
			);
			inputPaths = (
			);
			name = "📦 Check Pods Manifest.lock";
			outputPaths = (
			);
			runOnlyForDeploymentPostprocessing = 0;
			shellPath = /bin/sh;
			shellScript = "diff \"${PODS_ROOT}/../Podfile.lock\" \"${PODS_ROOT}/Manifest.lock\" > /dev/null\nif [[ $? != 0 ]] ; then\n    cat << EOM\nerror: The sandbox is not in sync with the Podfile.lock. Run 'pod install' or update your CocoaPods installation.\nEOM\n    exit 1\nfi\n";
			showEnvVarsInLog = 0;
		};
		6856CE7CBC95FE97B4F44AE7 /* 📦 Copy Pods Resources */ = {
			isa = PBXShellScriptBuildPhase;
			buildActionMask = 2147483647;
			files = (
			);
			inputPaths = (
			);
			name = "📦 Copy Pods Resources";
			outputPaths = (
			);
			runOnlyForDeploymentPostprocessing = 0;
			shellPath = /bin/sh;
			shellScript = "\"${SRCROOT}/Pods/Target Support Files/Pods-WeatherApp/Pods-WeatherApp-resources.sh\"\n";
			showEnvVarsInLog = 0;
		};
		6EC6DBE4A1DE61C0B5D7FB88 /* 📦 Embed Pods Frameworks */ = {
			isa = PBXShellScriptBuildPhase;
			buildActionMask = 2147483647;
			files = (
			);
			inputPaths = (
			);
			name = "📦 Embed Pods Frameworks";
			outputPaths = (
			);
			runOnlyForDeploymentPostprocessing = 0;
			shellPath = /bin/sh;
			shellScript = "\"${SRCROOT}/Pods/Target Support Files/Pods-WeatherApp/Pods-WeatherApp-frameworks.sh\"\n";
			showEnvVarsInLog = 0;
		};
		7CD1B75E42F6B3A3F959D4B9 /* 📦 Copy Pods Resources */ = {
			isa = PBXShellScriptBuildPhase;
			buildActionMask = 2147483647;
			files = (
			);
			inputPaths = (
			);
			name = "📦 Copy Pods Resources";
			outputPaths = (
			);
			runOnlyForDeploymentPostprocessing = 0;
			shellPath = /bin/sh;
			shellScript = "\"${SRCROOT}/Pods/Target Support Files/Pods-WeatherAppTests/Pods-WeatherAppTests-resources.sh\"\n";
			showEnvVarsInLog = 0;
		};
		8C78B5C7FB5BF7D2262941A7 /* 📦 Check Pods Manifest.lock */ = {
			isa = PBXShellScriptBuildPhase;
			buildActionMask = 2147483647;
			files = (
			);
			inputPaths = (
			);
			name = "📦 Check Pods Manifest.lock";
			outputPaths = (
			);
			runOnlyForDeploymentPostprocessing = 0;
			shellPath = /bin/sh;
			shellScript = "diff \"${PODS_ROOT}/../Podfile.lock\" \"${PODS_ROOT}/Manifest.lock\" > /dev/null\nif [[ $? != 0 ]] ; then\n    cat << EOM\nerror: The sandbox is not in sync with the Podfile.lock. Run 'pod install' or update your CocoaPods installation.\nEOM\n    exit 1\nfi\n";
			showEnvVarsInLog = 0;
		};
/* End PBXShellScriptBuildPhase section */

/* Begin PBXSourcesBuildPhase section */
		E1D202C81D78118D00EF0C80 /* Sources */ = {
			isa = PBXSourcesBuildPhase;
			buildActionMask = 2147483647;
			files = (
				E1D202DD1D78118D00EF0C80 /* WeatherApp.xcdatamodeld in Sources */,
				E1D202D41D78118D00EF0C80 /* AppDelegate.m in Sources */,
				E1D202F91D78285D00EF0C80 /* CityNamesViewControllerTableViewController.m in Sources */,
				E1D202D11D78118D00EF0C80 /* main.m in Sources */,
				E1C11B3F1D7D4DB5001E9EDB /* CityWeatherTableViewController.m in Sources */,
			);
			runOnlyForDeploymentPostprocessing = 0;
		};
		E1D202E41D78118D00EF0C80 /* Sources */ = {
			isa = PBXSourcesBuildPhase;
			buildActionMask = 2147483647;
			files = (
				E1D202ED1D78118D00EF0C80 /* CityWeatherTableViewControllerTests.m in Sources */,
			);
			runOnlyForDeploymentPostprocessing = 0;
		};
/* End PBXSourcesBuildPhase section */

/* Begin PBXTargetDependency section */
		E1D202EA1D78118D00EF0C80 /* PBXTargetDependency */ = {
			isa = PBXTargetDependency;
			target = E1D202CB1D78118D00EF0C80 /* WeatherApp */;
			targetProxy = E1D202E91D78118D00EF0C80 /* PBXContainerItemProxy */;
		};
/* End PBXTargetDependency section */

/* Begin PBXVariantGroup section */
		E1D202D81D78118D00EF0C80 /* Main.storyboard */ = {
			isa = PBXVariantGroup;
			children = (
				E1D202D91D78118D00EF0C80 /* Base */,
			);
			name = Main.storyboard;
			sourceTree = "<group>";
		};
		E1D202E01D78118D00EF0C80 /* LaunchScreen.storyboard */ = {
			isa = PBXVariantGroup;
			children = (
				E1D202E11D78118D00EF0C80 /* Base */,
			);
			name = LaunchScreen.storyboard;
			sourceTree = "<group>";
		};
/* End PBXVariantGroup section */

/* Begin XCBuildConfiguration section */
		E1D202EF1D78118D00EF0C80 /* Debug */ = {
			isa = XCBuildConfiguration;
			buildSettings = {
				ALWAYS_SEARCH_USER_PATHS = NO;
				CLANG_ANALYZER_NONNULL = YES;
				CLANG_CXX_LANGUAGE_STANDARD = "gnu++0x";
				CLANG_CXX_LIBRARY = "libc++";
				CLANG_ENABLE_MODULES = YES;
				CLANG_ENABLE_OBJC_ARC = YES;
				CLANG_WARN_BOOL_CONVERSION = YES;
				CLANG_WARN_CONSTANT_CONVERSION = YES;
				CLANG_WARN_DIRECT_OBJC_ISA_USAGE = YES_ERROR;
				CLANG_WARN_EMPTY_BODY = YES;
				CLANG_WARN_ENUM_CONVERSION = YES;
				CLANG_WARN_INT_CONVERSION = YES;
				CLANG_WARN_OBJC_ROOT_CLASS = YES_ERROR;
				CLANG_WARN_UNREACHABLE_CODE = YES;
				CLANG_WARN__DUPLICATE_METHOD_MATCH = YES;
				"CODE_SIGN_IDENTITY[sdk=iphoneos*]" = "iPhone Developer";
				COPY_PHASE_STRIP = NO;
				DEBUG_INFORMATION_FORMAT = dwarf;
				ENABLE_STRICT_OBJC_MSGSEND = YES;
				ENABLE_TESTABILITY = YES;
				GCC_C_LANGUAGE_STANDARD = gnu99;
				GCC_DYNAMIC_NO_PIC = NO;
				GCC_NO_COMMON_BLOCKS = YES;
				GCC_OPTIMIZATION_LEVEL = 0;
				GCC_PREPROCESSOR_DEFINITIONS = (
					"DEBUG=1",
					"$(inherited)",
				);
				GCC_WARN_64_TO_32_BIT_CONVERSION = YES;
				GCC_WARN_ABOUT_RETURN_TYPE = YES_ERROR;
				GCC_WARN_UNDECLARED_SELECTOR = YES;
				GCC_WARN_UNINITIALIZED_AUTOS = YES_AGGRESSIVE;
				GCC_WARN_UNUSED_FUNCTION = YES;
				GCC_WARN_UNUSED_VARIABLE = YES;
				IPHONEOS_DEPLOYMENT_TARGET = 9.3;
				MTL_ENABLE_DEBUG_INFO = YES;
				ONLY_ACTIVE_ARCH = YES;
				SDKROOT = iphoneos;
			};
			name = Debug;
		};
		E1D202F01D78118D00EF0C80 /* Release */ = {
			isa = XCBuildConfiguration;
			buildSettings = {
				ALWAYS_SEARCH_USER_PATHS = NO;
				CLANG_ANALYZER_NONNULL = YES;
				CLANG_CXX_LANGUAGE_STANDARD = "gnu++0x";
				CLANG_CXX_LIBRARY = "libc++";
				CLANG_ENABLE_MODULES = YES;
				CLANG_ENABLE_OBJC_ARC = YES;
				CLANG_WARN_BOOL_CONVERSION = YES;
				CLANG_WARN_CONSTANT_CONVERSION = YES;
				CLANG_WARN_DIRECT_OBJC_ISA_USAGE = YES_ERROR;
				CLANG_WARN_EMPTY_BODY = YES;
				CLANG_WARN_ENUM_CONVERSION = YES;
				CLANG_WARN_INT_CONVERSION = YES;
				CLANG_WARN_OBJC_ROOT_CLASS = YES_ERROR;
				CLANG_WARN_UNREACHABLE_CODE = YES;
				CLANG_WARN__DUPLICATE_METHOD_MATCH = YES;
				"CODE_SIGN_IDENTITY[sdk=iphoneos*]" = "iPhone Developer";
				COPY_PHASE_STRIP = NO;
				DEBUG_INFORMATION_FORMAT = "dwarf-with-dsym";
				ENABLE_NS_ASSERTIONS = NO;
				ENABLE_STRICT_OBJC_MSGSEND = YES;
				GCC_C_LANGUAGE_STANDARD = gnu99;
				GCC_NO_COMMON_BLOCKS = YES;
				GCC_WARN_64_TO_32_BIT_CONVERSION = YES;
				GCC_WARN_ABOUT_RETURN_TYPE = YES_ERROR;
				GCC_WARN_UNDECLARED_SELECTOR = YES;
				GCC_WARN_UNINITIALIZED_AUTOS = YES_AGGRESSIVE;
				GCC_WARN_UNUSED_FUNCTION = YES;
				GCC_WARN_UNUSED_VARIABLE = YES;
				IPHONEOS_DEPLOYMENT_TARGET = 9.3;
				MTL_ENABLE_DEBUG_INFO = NO;
				SDKROOT = iphoneos;
				VALIDATE_PRODUCT = YES;
			};
			name = Release;
		};
		E1D202F21D78118D00EF0C80 /* Debug */ = {
			isa = XCBuildConfiguration;
			baseConfigurationReference = CFD24E64CE03C1D02599997E /* Pods-WeatherApp.debug.xcconfig */;
			buildSettings = {
				ASSETCATALOG_COMPILER_APPICON_NAME = AppIcon;
				INFOPLIST_FILE = WeatherApp/Info.plist;
				LD_RUNPATH_SEARCH_PATHS = "$(inherited) @executable_path/Frameworks";
				PRODUCT_BUNDLE_IDENTIFIER = com.glucode.corp.WeatherApp;
				PRODUCT_NAME = "$(TARGET_NAME)";
			};
			name = Debug;
		};
		E1D202F31D78118D00EF0C80 /* Release */ = {
			isa = XCBuildConfiguration;
			baseConfigurationReference = F6DB7A574ABA9FCBE630A9C0 /* Pods-WeatherApp.release.xcconfig */;
			buildSettings = {
				ASSETCATALOG_COMPILER_APPICON_NAME = AppIcon;
				INFOPLIST_FILE = WeatherApp/Info.plist;
				LD_RUNPATH_SEARCH_PATHS = "$(inherited) @executable_path/Frameworks";
				PRODUCT_BUNDLE_IDENTIFIER = com.glucode.corp.WeatherApp;
				PRODUCT_NAME = "$(TARGET_NAME)";
			};
			name = Release;
		};
		E1D202F51D78118D00EF0C80 /* Debug */ = {
			isa = XCBuildConfiguration;
			baseConfigurationReference = 121220F1FFADCFC4156833B8 /* Pods-WeatherAppTests.debug.xcconfig */;
			buildSettings = {
				BUNDLE_LOADER = "$(TEST_HOST)";
				INFOPLIST_FILE = WeatherAppTests/Info.plist;
				LD_RUNPATH_SEARCH_PATHS = "$(inherited) @executable_path/Frameworks @loader_path/Frameworks";
				PRODUCT_BUNDLE_IDENTIFIER = com.glucode.corp.WeatherAppTests;
				PRODUCT_NAME = "$(TARGET_NAME)";
				TEST_HOST = "$(BUILT_PRODUCTS_DIR)/WeatherApp.app/WeatherApp";
			};
			name = Debug;
		};
		E1D202F61D78118D00EF0C80 /* Release */ = {
			isa = XCBuildConfiguration;
			baseConfigurationReference = E2104961A8F9C8A556309208 /* Pods-WeatherAppTests.release.xcconfig */;
			buildSettings = {
				BUNDLE_LOADER = "$(TEST_HOST)";
				INFOPLIST_FILE = WeatherAppTests/Info.plist;
				LD_RUNPATH_SEARCH_PATHS = "$(inherited) @executable_path/Frameworks @loader_path/Frameworks";
				PRODUCT_BUNDLE_IDENTIFIER = com.glucode.corp.WeatherAppTests;
				PRODUCT_NAME = "$(TARGET_NAME)";
				TEST_HOST = "$(BUILT_PRODUCTS_DIR)/WeatherApp.app/WeatherApp";
			};
			name = Release;
		};
/* End XCBuildConfiguration section */

/* Begin XCConfigurationList section */
		E1D202C71D78118D00EF0C80 /* Build configuration list for PBXProject "WeatherApp" */ = {
			isa = XCConfigurationList;
			buildConfigurations = (
				E1D202EF1D78118D00EF0C80 /* Debug */,
				E1D202F01D78118D00EF0C80 /* Release */,
			);
			defaultConfigurationIsVisible = 0;
			defaultConfigurationName = Release;
		};
		E1D202F11D78118D00EF0C80 /* Build configuration list for PBXNativeTarget "WeatherApp" */ = {
			isa = XCConfigurationList;
			buildConfigurations = (
				E1D202F21D78118D00EF0C80 /* Debug */,
				E1D202F31D78118D00EF0C80 /* Release */,
			);
			defaultConfigurationIsVisible = 0;
			defaultConfigurationName = Release;
		};
		E1D202F41D78118D00EF0C80 /* Build configuration list for PBXNativeTarget "WeatherAppTests" */ = {
			isa = XCConfigurationList;
			buildConfigurations = (
				E1D202F51D78118D00EF0C80 /* Debug */,
				E1D202F61D78118D00EF0C80 /* Release */,
			);
			defaultConfigurationIsVisible = 0;
			defaultConfigurationName = Release;
		};
/* End XCConfigurationList section */

/* Begin XCVersionGroup section */
		E1D202DB1D78118D00EF0C80 /* WeatherApp.xcdatamodeld */ = {
			isa = XCVersionGroup;
			children = (
				E1D202DC1D78118D00EF0C80 /* WeatherApp.xcdatamodel */,
			);
			currentVersion = E1D202DC1D78118D00EF0C80 /* WeatherApp.xcdatamodel */;
			path = WeatherApp.xcdatamodeld;
			sourceTree = "<group>";
			versionGroupType = wrapper.xcdatamodel;
		};
/* End XCVersionGroup section */
	};
	rootObject = E1D202C41D78118D00EF0C80 /* Project object */;
}
